
Microsoft Visual Studio Solution File, Format Version 12.00
# Visual Studio Version 17
VisualStudioVersion = 17.4.33213.308
MinimumVisualStudioVersion = 10.0.40219.1
Project("{FAE04EC0-301F-11D3-BF4B-00C04F79EFBC}") = "WebArchitecture", "WebArchitecture\WebArchitecture.csproj", "{03A3F529-BD00-47DC-B859-23D4D1754968}"
EndProject
Global
	GlobalSection(SolutionConfigurationPlatforms) = preSolution
		Debug|Any CPU = Debug|Any CPU
		Release|Any CPU = Release|Any CPU
	EndGlobalSection
	GlobalSection(ProjectConfigurationPlatforms) = postSolution
		{03A3F529-BD00-47DC-B859-23D4D1754968}.Debug|Any CPU.ActiveCfg = Debug|Any CPU
		{03A3F529-BD00-47DC-B859-23D4D1754968}.Debug|Any CPU.Build.0 = Debug|Any CPU
		{03A3F529-BD00-47DC-B859-23D4D1754968}.Release|Any CPU.ActiveCfg = Release|Any CPU
		{03A3F529-BD00-47DC-B859-23D4D1754968}.Release|Any CPU.Build.0 = Release|Any CPU
	EndGlobalSection
	GlobalSection(SolutionProperties) = preSolution
		HideSolutionNode = FALSE
	EndGlobalSection
	GlobalSection(ExtensibilityGlobals) = postSolution
		SolutionGuid = {1A998B42-B85A-4926-B1F4-73C2E8A4D18A}
	EndGlobalSection
EndGlobal
